
Microsoft Visual Studio Solution File, Format Version 12.00
# Visual Studio Version 17
VisualStudioVersion = 17.3.32929.385
MinimumVisualStudioVersion = 10.0.40219.1
Project("{FAE04EC0-301F-11D3-BF4B-00C04F79EFBC}") = "MVC_CRUD", "MVC_CRUD\MVC_CRUD.csproj", "{DFAC1693-1D24-4733-8056-53EE45D9F5FC}"
EndProject
Global
	GlobalSection(SolutionConfigurationPlatforms) = preSolution
		Debug|Any CPU = Debug|Any CPU
		Release|Any CPU = Release|Any CPU
	EndGlobalSection
	GlobalSection(ProjectConfigurationPlatforms) = postSolution
		{DFAC1693-1D24-4733-8056-53EE45D9F5FC}.Debug|Any CPU.ActiveCfg = Debug|Any CPU
		{DFAC1693-1D24-4733-8056-53EE45D9F5FC}.Debug|Any CPU.Build.0 = Debug|Any CPU
		{DFAC1693-1D24-4733-8056-53EE45D9F5FC}.Release|Any CPU.ActiveCfg = Release|Any CPU
		{DFAC1693-1D24-4733-8056-53EE45D9F5FC}.Release|Any CPU.Build.0 = Release|Any CPU
	EndGlobalSection
	GlobalSection(SolutionProperties) = preSolution
		HideSolutionNode = FALSE
	EndGlobalSection
	GlobalSection(ExtensibilityGlobals) = postSolution
		SolutionGuid = {1167E90C-C506-41BB-ABAC-D38BC4EB3560}
	EndGlobalSection
EndGlobal
